
Microsoft Visual Studio Solution File, Format Version 11.00
# Visual Studio 2010
Project("{FAE04EC0-301F-11D3-BF4B-00C04F79EFBC}") = "Umbraco.Web", "Umbraco.Web\Umbraco.Web.csproj", "{7363D173-2A71-404D-899B-403499AF99FE}"
EndProject
Project("{FAE04EC0-301F-11D3-BF4B-00C04F79EFBC}") = "Site.Extensions", "Site.Extensions\Site.Extensions.csproj", "{1141DCE3-0AFD-44E8-B7BA-9ED98D4CA1D0}"
EndProject
Global
	GlobalSection(SolutionConfigurationPlatforms) = preSolution
		Debug|Any CPU = Debug|Any CPU
		Release|Any CPU = Release|Any CPU
	EndGlobalSection
	GlobalSection(ProjectConfigurationPlatforms) = postSolution
		{7363D173-2A71-404D-899B-403499AF99FE}.Debug|Any CPU.ActiveCfg = Debug|Any CPU
		{7363D173-2A71-404D-899B-403499AF99FE}.Debug|Any CPU.Build.0 = Debug|Any CPU
		{7363D173-2A71-404D-899B-403499AF99FE}.Release|Any CPU.ActiveCfg = Release|Any CPU
		{7363D173-2A71-404D-899B-403499AF99FE}.Release|Any CPU.Build.0 = Release|Any CPU
		{1141DCE3-0AFD-44E8-B7BA-9ED98D4CA1D0}.Debug|Any CPU.ActiveCfg = Debug|Any CPU
		{1141DCE3-0AFD-44E8-B7BA-9ED98D4CA1D0}.Debug|Any CPU.Build.0 = Debug|Any CPU
		{1141DCE3-0AFD-44E8-B7BA-9ED98D4CA1D0}.Release|Any CPU.ActiveCfg = Release|Any CPU
		{1141DCE3-0AFD-44E8-B7BA-9ED98D4CA1D0}.Release|Any CPU.Build.0 = Release|Any CPU
	EndGlobalSection
	GlobalSection(SolutionProperties) = preSolution
		HideSolutionNode = FALSE
	EndGlobalSection
EndGlobal
